Microsoft Visual Studio Solution File, Format Version 12.00
# Visual Studio Version 17
VisualStudioVersion = 17.5.2.0
MinimumVisualStudioVersion = 10.0.40219.1
Project("{FAE04EC0-301F-11D3-BF4B-00C04F79EFBC}") = "HyperionHR_meta", "HyperionHR_meta.csproj", "{7E22D9EA-5AFF-FA3A-3EAC-C3143AC5B93F}"
EndProject
Global
	GlobalSection(SolutionConfigurationPlatforms) = preSolution
		Debug|Any CPU = Debug|Any CPU
		Release|Any CPU = Release|Any CPU
	EndGlobalSection
	GlobalSection(ProjectConfigurationPlatforms) = postSolution
		{7E22D9EA-5AFF-FA3A-3EAC-C3143AC5B93F}.Debug|Any CPU.ActiveCfg = Debug|Any CPU
		{7E22D9EA-5AFF-FA3A-3EAC-C3143AC5B93F}.Debug|Any CPU.Build.0 = Debug|Any CPU
		{7E22D9EA-5AFF-FA3A-3EAC-C3143AC5B93F}.Release|Any CPU.ActiveCfg = Release|Any CPU
		{7E22D9EA-5AFF-FA3A-3EAC-C3143AC5B93F}.Release|Any CPU.Build.0 = Release|Any CPU
	EndGlobalSection
	GlobalSection(SolutionProperties) = preSolution
		HideSolutionNode = FALSE
	EndGlobalSection
	GlobalSection(ExtensibilityGlobals) = postSolution
		SolutionGuid = {DAD22075-7167-4EA0-B707-96EB3F339A35}
	EndGlobalSection
EndGlobal
